github.com/BurntSushi/xgb v0.0.0-20160522181843-27f122750802/go.mod h1:IVnqGOEym/WlBOVXweHU+Q+/VP0lqqI8lqeDx9IjBqo=
github.com/atotto/clipboard v0.1.2 h1:YZCtFu5Ie8qX2VmVTBnrqLSiU9XOWwqNRmdT3gIQzbY=
github.com/atotto/clipboard v0.1.2/go.mod h1:ZY9tmq7sm5xIbd9bOK4onWV4S6X0u6GY7Vn0Yu86PYI=
github.com/caio/go-tdigest v2.3.0+incompatible h1:zP6nR0nTSUzlSqqr7F/LhslPlSZX/fZeGmgmwj2cxxY=
github.com/caio/go-tdigest v2.3.0+incompatible/go.mod h1:sHQM/ubZStBUmF1WbB8FAm8q9GjDajLC5T7ydxE3JHI=
github.com/eaburns/T v0.0.0-20190217122806-dbc7887ff15c h1:KkBQrE9rvZDvX7bcICJ3jkECEw5zD8WaI1xlE/8uNk4=
github.com/eaburns/T v0.0.0-20190217122806-dbc7887ff15c/go.mod h1:6HzllJGooEeAtNJcTTd8eLXcR+SYVU8uKW3b/ExJvjk=
github.com/golang/freetype v0.0.0-20170609003504-e2365dfdc4a0 h1:DACJavvAHhabrF08vX0COfcOBJRhZ8lUbR+ZWIs0Y5g=
github.com/golang/freetype v0.0.0-20170609003504-e2365dfdc4a0/go.mod h1:E/TSTwGwJL78qG/PmXZO1EjYhfJinVAhrmmHX6Z8B9k=
github.com/ktye/plot v0.0.0-20190313115457-f0482d904546 h1:VX4mcBBtYQojfoJ+1ETLkOzKneZeb/JeswF99DLoyAo=
github.com/ktye/plot v0.0.0-20190313115457-f0482d904546/go.mod h1:pCmVLJ22Fj9q6zZ7FutowrJY3N3ZcWKv0e0nObHoIe0=
github.com/ktye/ui v0.0.0-20190210201213-3c0b096c17bb h1:NyFlDVcFaqgysgVkzLti9bDDh6cZ7Z5Zg+cmShuEiQ4=
github.com/ktye/ui v0.0.0-20190210201213-3c0b096c17bb/go.mod h1:G2HgY+9EHhnN4CchdWK9ZqFRnc38JdpUAWRfN74zRA4=
github.com/mattn/go-sixel v0.0.0-20190216163338-cdfbdd9946b1 h1:NfGNsA+XbC0putTeXrWUj1vSxgnolHwgry6uAsmW7tM=
github.com/mattn/go-sixel v0.0.0-20190216163338-cdfbdd9946b1/go.mod h1:zlzhYSuMbLdRdrxfutExxGpC+Pf2uUTJ6GpVQ4LB5dc=
github.com/nu7hatch/gouuid v0.0.0-20131221200532-179d4d0c4d8d h1:VhgPp6v9qf9Agr/56bj7Y/xa04UccTW04VP0Qed4vnQ=
github.com/nu7hatch/gouuid v0.0.0-20131221200532-179d4d0c4d8d/go.mod h1:YUTz3bUH2ZwIWBy3CJBeOBEugqcmXREj14T+iG/4k4U=
github.com/soniakeys/quant v1.0.0 h1:N1um9ktjbkZVcywBVAAYpZYSHxEfJGzshHCxx/DaI0Y=
github.com/soniakeys/quant v1.0.0/go.mod h1:HI1k023QuVbD4H8i9YdfZP2munIHU4QpjsImz6Y6zds=
github.com/sv/kdbgo v0.11.0 h1:CzAtOD50he5fImfHiJGTfaiGuy0BzVISqXHoz84hktw=
github.com/sv/kdbgo v0.11.0/go.mod h1:lyHv9e4qnygvREnnme0WWMZoSJ9gAE5DGMAQFULCrWU=
github.com/sv/kdbgo v0.11.1-0.20180806165624-70ef73f51093 h1:nuo+1nRLSC6RwV30jzQ1kOC9GQHNdp+oTTI+Iu5OAuk=
github.com/sv/kdbgo v0.11.1-0.20180806165624-70ef73f51093/go.mod h1:lyHv9e4qnygvREnnme0WWMZoSJ9gAE5DGMAQFULCrWU=
golang.org/x/crypto v0.0.0-20190308221718-c2843e01d9a2/go.mod h1:djNgcEr1/C05ACkg1iLfiJU5Ep61QUkGW8qpdssI0+w=
golang.org/x/exp v0.0.0-20190306152737-a1d7652674e8/go.mod h1:CJ0aWSM057203Lf6IL+f9T1iT9GByDxfZKAQTCR3kQA=
golang.org/x/exp v0.0.0-20190316020145-860388717186 h1:WVLLpyUE5WfDFkoRe+vPPFxVzwDwXwwG197QU7doL0M=
golang.org/x/exp v0.0.0-20190316020145-860388717186/go.mod h1:ZjyILWgesfNpC6sMxTJOJm9Kp84zZh5NQWvqDGG3Qr8=
golang.org/x/image v0.0.0-20190227222117-0694c2d4d067 h1:KYGJGHOQy8oSi1fDlSpcZF0+juKwk/hEMv5SiwHogR0=
golang.org/x/image v0.0.0-20190227222117-0694c2d4d067/go.mod h1:kZ7UVZpmo3dzQBMxlp+ypCbDeSB+sBbTgSJuh5dn5js=
golang.org/x/mobile v0.0.0-20190312151609-d3739f865fa6/go.mod h1:z+o9i4GpDbdi3rU15maQ/Ox0txvL9dWGYEHz965HBQE=
golang.org/x/mobile v0.0.0-20190319155245-9487ef54b94a h1:8OoUs2PBIs/jZZBj7JFoDFS2+rAHfxQlY0RaAS/ZgoA=
golang.org/x/mobile v0.0.0-20190319155245-9487ef54b94a/go.mod h1:E/iHnbuqvinMTCcRqshq8CkpyQDoeVncDDYHnLhea+o=
golang.org/x/net v0.0.0-20190311183353-d8887717615a/go.mod h1:t9HGtf8HONx5eT2rtn7q6eTqICYqUVnKs3thJo3Qplg=
golang.org/x/sys v0.0.0-20190215142949-d0b11bdaac8a/go.mod h1:STP8DvDyc/dI5b8T5hshtkjS+E42TnysNCUPdjciGhY=
golang.org/x/sys v0.0.0-20190312061237-fead79001313 h1:pczuHS43Cp2ktBEEmLwScxgjWsBSzdaQiKzUyf3DTTc=
golang.org/x/sys v0.0.0-20190312061237-fead79001313/go.mod h1:h1NjWce9XRLGQEsW7wpKNCjG9DtNlClVuFLEZdDNbEs=
golang.org/x/text v0.3.0/go.mod h1:NqM8EUOU14njkJ3fqMW+pc6Ldnwhi/IjpwHt7yyuwOQ=
golang.org/x/tools v0.0.0-20190312151545-0bb0c0a6e846/go.mod h1:LCzVGOaR6xXOjkQ3onu1FJEFr0SW1gC7cKk1uF8kGRs=
